{
  "version": 4,
  "terraform_version": "1.3.9",
  "serial": 60,
  "lineage": "716aeece-b8de-fa86-fea2-380086488a59",
  "outputs": {},
  "resources": [
    {
      "module": "module.create_two_tier_aws",
      "mode": "data",
      "type": "aws_availability_zones",
      "name": "az",
      "provider": "module.create_two_tier_aws.provider[\"registry.terraform.io/hashicorp/aws\"]",
      "instances": [
        {
          "schema_version": 0,
          "attributes": {
            "all_availability_zones": null,
            "exclude_names": null,
            "exclude_zone_ids": null,
            "filter": null,
            "group_names": [
              "us-east-1"
            ],
            "id": "us-east-1",
            "names": [
              "us-east-1a",
              "us-east-1b",
              "us-east-1c",
              "us-east-1d",
              "us-east-1e",
              "us-east-1f"
            ],
            "state": "available",
            "timeouts": null,
            "zone_ids": [
              "use1-az1",
              "use1-az2",
              "use1-az4",
              "use1-az6",
              "use1-az3",
              "use1-az5"
            ]
          },
          "sensitive_attributes": []
        }
      ]
    },
    {
      "module": "module.create_two_tier_aws",
      "mode": "data",
      "type": "external",
      "name": "myipaddr",
      "provider": "provider[\"registry.terraform.io/hashicorp/external\"]",
      "instances": [
        {
          "schema_version": 0,
          "attributes": {
            "id": "-",
            "program": [
              "bash",
              "-c",
              "curl -s 'https://ipinfo.io/json'"
            ],
            "query": null,
            "result": {
              "city": "Welling",
              "country": "GB",
              "hostname": "05464927.skybroadband.com",
              "ip": "5.70.73.39",
              "loc": "51.4625,0.1076",
              "org": "AS5607 Sky UK Limited",
              "postal": "DA16",
              "readme": "https://ipinfo.io/missingauth",
              "region": "England",
              "timezone": "Europe/London"
            },
            "working_dir": null
          },
          "sensitive_attributes": []
        }
      ]
    },
    {
      "module": "module.create_two_tier_aws",
      "mode": "managed",
      "type": "aws_db_instance",
      "name": "db_instance",
      "provider": "module.create_two_tier_aws.provider[\"registry.terraform.io/hashicorp/aws\"]",
      "instances": [
        {
          "schema_version": 1,
          "attributes": {
            "address": "terraform-20230403215906060400000001.cfm5jwf9l7cv.us-east-1.rds.amazonaws.com",
            "allocated_storage": 10,
            "allow_major_version_upgrade": null,
            "apply_immediately": false,
            "arn": "arn:aws:rds:us-east-1:041931672087:db:terraform-20230403215906060400000001",
            "auto_minor_version_upgrade": true,
            "availability_zone": "us-east-1b",
            "backup_retention_period": 0,
            "backup_window": "06:08-06:38",
            "blue_green_update": [],
            "ca_cert_identifier": "rds-ca-2019",
            "character_set_name": "",
            "copy_tags_to_snapshot": false,
            "custom_iam_instance_profile": "",
            "customer_owned_ip_enabled": false,
            "db_name": "terraformdatabase1",
            "db_subnet_group_name": "terraform-demo-db-subnet-group",
            "delete_automated_backups": true,
            "deletion_protection": false,
            "domain": "",
            "domain_iam_role_name": "",
            "enabled_cloudwatch_logs_exports": [],
            "endpoint": "terraform-20230403215906060400000001.cfm5jwf9l7cv.us-east-1.rds.amazonaws.com:3306",
            "engine": "mysql",
            "engine_version": "8.0.32",
            "engine_version_actual": "8.0.32",
            "final_snapshot_identifier": null,
            "hosted_zone_id": "Z2R2ITUGPM61AM",
            "iam_database_authentication_enabled": false,
            "id": "terraform-20230403215906060400000001",
            "identifier": "terraform-20230403215906060400000001",
            "identifier_prefix": "terraform-",
            "instance_class": "db.t2.small",
            "iops": 0,
            "kms_key_id": "",
            "latest_restorable_time": "",
            "license_model": "general-public-license",
            "listener_endpoint": [],
            "maintenance_window": "fri:04:18-fri:04:48",
            "manage_master_user_password": null,
            "master_user_secret": [],
            "master_user_secret_kms_key_id": null,
            "max_allocated_storage": 0,
            "monitoring_interval": 0,
            "monitoring_role_arn": "",
            "multi_az": true,
            "name": "terraformdatabase1",
            "nchar_character_set_name": "",
            "network_type": "IPV4",
            "option_group_name": "default:mysql-8-0",
            "parameter_group_name": "default.mysql8.0",
            "password": "123toy12A",
            "performance_insights_enabled": false,
            "performance_insights_kms_key_id": "",
            "performance_insights_retention_period": 0,
            "port": 3306,
            "publicly_accessible": false,
            "replica_mode": "",
            "replicas": [],
            "replicate_source_db": "",
            "resource_id": "db-XGAAEX7W3RUOWSO2VMQHZXBDOE",
            "restore_to_point_in_time": [],
            "s3_import": [],
            "security_group_names": [],
            "skip_final_snapshot": true,
            "snapshot_identifier": null,
            "status": "available",
            "storage_encrypted": false,
            "storage_throughput": 0,
            "storage_type": "gp2",
            "tags": {
              "Environment": "terraform-demo",
              "Name": "terraform-demo-db-instance"
            },
            "tags_all": {
              "Environment": "terraform-demo",
              "Name": "terraform-demo-db-instance"
            },
            "timeouts": null,
            "timezone": "",
            "username": "admin",
            "vpc_security_group_ids": [
              "sg-0a4612b966f23f757"
            ]
          },
          "sensitive_attributes": [
            [
              {
                "type": "get_attr",
                "value": "password"
              }
            ]
          ],
          "private": "eyJlMmJmYjczMC1lY2FhLTExZTYtOGY4OC0zNDM2M2JjN2M0YzAiOnsiY3JlYXRlIjoyNDAwMDAwMDAwMDAwLCJkZWxldGUiOjM2MDAwMDAwMDAwMDAsInVwZGF0ZSI6NDgwMDAwMDAwMDAwMH0sInNjaGVtYV92ZXJzaW9uIjoiMSJ9",
          "dependencies": [
            "module.create_two_tier_aws.aws_db_subnet_group.db_subnet_group",
            "module.create_two_tier_aws.aws_security_group.alb_security_group",
            "module.create_two_tier_aws.aws_security_group.db_security_group",
            "module.create_two_tier_aws.aws_security_group.ec2_security_group",
            "module.create_two_tier_aws.aws_subnet.private_subnet",
            "module.create_two_tier_aws.aws_vpc.vpc",
            "module.create_two_tier_aws.data.aws_availability_zones.az",
            "module.create_two_tier_aws.data.external.myipaddr"
          ]
        }
      ]
    },
    {
      "module": "module.create_two_tier_aws",
      "mode": "managed",
      "type": "aws_db_subnet_group",
      "name": "db_subnet_group",
      "provider": "module.create_two_tier_aws.provider[\"registry.terraform.io/hashicorp/aws\"]",
      "instances": [
        {
          "schema_version": 0,
          "attributes": {
            "arn": "arn:aws:rds:us-east-1:041931672087:subgrp:terraform-demo-db-subnet-group",
            "description": "Managed by Terraform",
            "id": "terraform-demo-db-subnet-group",
            "name": "terraform-demo-db-subnet-group",
            "name_prefix": "",
            "subnet_ids": [
              "subnet-05ec32b852d1256ba",
              "subnet-066c5cf49bd32e341"
            ],
            "supported_network_types": [
              "IPV4"
            ],
            "tags": {
              "Environment": "terraform-demo",
              "Name": "terraform-demo-db-subnet-group"
            },
            "tags_all": {
              "Environment": "terraform-demo",
              "Name": "terraform-demo-db-subnet-group"
            }
          },
          "sensitive_attributes": [],
          "private": "bnVsbA==",
          "dependencies": [
            "module.create_two_tier_aws.aws_subnet.private_subnet",
            "module.create_two_tier_aws.aws_vpc.vpc",
            "module.create_two_tier_aws.data.aws_availability_zones.az"
          ]
        }
      ]
    },
    {
      "module": "module.create_two_tier_aws",
      "mode": "managed",
      "type": "aws_security_group",
      "name": "alb_security_group",
      "provider": "module.create_two_tier_aws.provider[\"registry.terraform.io/hashicorp/aws\"]",
      "instances": [
        {
          "schema_version": 1,
          "attributes": {
            "arn": "arn:aws:ec2:us-east-1:041931672087:security-group/sg-0967d6b58cb26410c",
            "description": "ALB Security Group",
            "egress": [
              {
                "cidr_blocks": [
                  "0.0.0.0/0"
                ],
                "description": "",
                "from_port": 0,
                "ipv6_cidr_blocks": [],
                "prefix_list_ids": [],
                "protocol": "-1",
                "security_groups": [],
                "self": false,
                "to_port": 0
              }
            ],
            "id": "sg-0967d6b58cb26410c",
            "ingress": [
              {
                "cidr_blocks": [
                  "0.0.0.0/0"
                ],
                "description": "HTTP from Internet",
                "from_port": 80,
                "ipv6_cidr_blocks": [],
                "prefix_list_ids": [],
                "protocol": "tcp",
                "security_groups": [],
                "self": false,
                "to_port": 80
              }
            ],
            "name": "terraform-demo-alb-security-group",
            "name_prefix": "",
            "owner_id": "041931672087",
            "revoke_rules_on_delete": false,
            "tags": {
              "Environment": "terraform-demo",
              "Name": "terraform-demo-alb-security-group"
            },
            "tags_all": {
              "Environment": "terraform-demo",
              "Name": "terraform-demo-alb-security-group"
            },
            "timeouts": null,
            "vpc_id": "vpc-04eb85ecb77aad62c"
          },
          "sensitive_attributes": [],
          "private": "eyJlMmJmYjczMC1lY2FhLTExZTYtOGY4OC0zNDM2M2JjN2M0YzAiOnsiY3JlYXRlIjo2MDAwMDAwMDAwMDAsImRlbGV0ZSI6OTAwMDAwMDAwMDAwfSwic2NoZW1hX3ZlcnNpb24iOiIxIn0=",
          "dependencies": [
            "module.create_two_tier_aws.aws_vpc.vpc"
          ]
        }
      ]
    },
    {
      "module": "module.create_two_tier_aws",
      "mode": "managed",
      "type": "aws_security_group",
      "name": "db_security_group",
      "provider": "module.create_two_tier_aws.provider[\"registry.terraform.io/hashicorp/aws\"]",
      "instances": [
        {
          "schema_version": 1,
          "attributes": {
            "arn": "arn:aws:ec2:us-east-1:041931672087:security-group/sg-0a4612b966f23f757",
            "description": "Security Group for RDS instance",
            "egress": [
              {
                "cidr_blocks": [
                  "0.0.0.0/0"
                ],
                "description": "",
                "from_port": 0,
                "ipv6_cidr_blocks": [],
                "prefix_list_ids": [],
                "protocol": "-1",
                "security_groups": [],
                "self": false,
                "to_port": 0
              }
            ],
            "id": "sg-0a4612b966f23f757",
            "ingress": [
              {
                "cidr_blocks": [],
                "description": "MySQL traffic from Web Servers",
                "from_port": 3306,
                "ipv6_cidr_blocks": [],
                "prefix_list_ids": [],
                "protocol": "tcp",
                "security_groups": [
                  "sg-0f24d0f260832a5ec"
                ],
                "self": false,
                "to_port": 3306
              }
            ],
            "name": "terraform-demo-db-security-group",
            "name_prefix": "",
            "owner_id": "041931672087",
            "revoke_rules_on_delete": false,
            "tags": {
              "Environment": "terraform-demo",
              "Name": "terraform-demo-db-security-group"
            },
            "tags_all": {
              "Environment": "terraform-demo",
              "Name": "terraform-demo-db-security-group"
            },
            "timeouts": null,
            "vpc_id": "vpc-04eb85ecb77aad62c"
          },
          "sensitive_attributes": [],
          "private": "eyJlMmJmYjczMC1lY2FhLTExZTYtOGY4OC0zNDM2M2JjN2M0YzAiOnsiY3JlYXRlIjo2MDAwMDAwMDAwMDAsImRlbGV0ZSI6OTAwMDAwMDAwMDAwfSwic2NoZW1hX3ZlcnNpb24iOiIxIn0=",
          "dependencies": [
            "module.create_two_tier_aws.aws_security_group.alb_security_group",
            "module.create_two_tier_aws.aws_security_group.ec2_security_group",
            "module.create_two_tier_aws.aws_vpc.vpc",
            "module.create_two_tier_aws.data.external.myipaddr"
          ]
        }
      ]
    },
    {
      "module": "module.create_two_tier_aws",
      "mode": "managed",
      "type": "aws_security_group",
      "name": "ec2_security_group",
      "provider": "module.create_two_tier_aws.provider[\"registry.terraform.io/hashicorp/aws\"]",
      "instances": [
        {
          "schema_version": 1,
          "attributes": {
            "arn": "arn:aws:ec2:us-east-1:041931672087:security-group/sg-0f24d0f260832a5ec",
            "description": "Security Group for EC2 Web Servers",
            "egress": [
              {
                "cidr_blocks": [
                  "0.0.0.0/0"
                ],
                "description": "",
                "from_port": 0,
                "ipv6_cidr_blocks": [],
                "prefix_list_ids": [],
                "protocol": "-1",
                "security_groups": [],
                "self": false,
                "to_port": 0
              }
            ],
            "id": "sg-0f24d0f260832a5ec",
            "ingress": [
              {
                "cidr_blocks": [
                  "5.70.73.39/32"
                ],
                "description": "Allow SSH from MY Public IP",
                "from_port": 22,
                "ipv6_cidr_blocks": [],
                "prefix_list_ids": [],
                "protocol": "tcp",
                "security_groups": [],
                "self": false,
                "to_port": 22
              },
              {
                "cidr_blocks": [],
                "description": "HTTP from Internet",
                "from_port": 80,
                "ipv6_cidr_blocks": [],
                "prefix_list_ids": [],
                "protocol": "tcp",
                "security_groups": [
                  "sg-0967d6b58cb26410c"
                ],
                "self": false,
                "to_port": 80
              }
            ],
            "name": "terraform-demo-ec2-security-group",
            "name_prefix": "",
            "owner_id": "041931672087",
            "revoke_rules_on_delete": false,
            "tags": {
              "Environment": "terraform-demo",
              "Name": "terraform-demo-ec2-security-group"
            },
            "tags_all": {
              "Environment": "terraform-demo",
              "Name": "terraform-demo-ec2-security-group"
            },
            "timeouts": null,
            "vpc_id": "vpc-04eb85ecb77aad62c"
          },
          "sensitive_attributes": [],
          "private": "eyJlMmJmYjczMC1lY2FhLTExZTYtOGY4OC0zNDM2M2JjN2M0YzAiOnsiY3JlYXRlIjo2MDAwMDAwMDAwMDAsImRlbGV0ZSI6OTAwMDAwMDAwMDAwfSwic2NoZW1hX3ZlcnNpb24iOiIxIn0=",
          "dependencies": [
            "module.create_two_tier_aws.aws_security_group.alb_security_group",
            "module.create_two_tier_aws.aws_vpc.vpc",
            "module.create_two_tier_aws.data.external.myipaddr"
          ]
        }
      ]
    },
    {
      "module": "module.create_two_tier_aws",
      "mode": "managed",
      "type": "aws_subnet",
      "name": "private_subnet",
      "provider": "module.create_two_tier_aws.provider[\"registry.terraform.io/hashicorp/aws\"]",
      "instances": [
        {
          "index_key": 0,
          "schema_version": 1,
          "attributes": {
            "arn": "arn:aws:ec2:us-east-1:041931672087:subnet/subnet-066c5cf49bd32e341",
            "assign_ipv6_address_on_creation": false,
            "availability_zone": "us-east-1a",
            "availability_zone_id": "use1-az1",
            "cidr_block": "172.16.10.0/24",
            "customer_owned_ipv4_pool": "",
            "enable_dns64": false,
            "enable_resource_name_dns_a_record_on_launch": false,
            "enable_resource_name_dns_aaaa_record_on_launch": false,
            "id": "subnet-066c5cf49bd32e341",
            "ipv6_cidr_block": "",
            "ipv6_cidr_block_association_id": "",
            "ipv6_native": false,
            "map_customer_owned_ip_on_launch": false,
            "map_public_ip_on_launch": false,
            "outpost_arn": "",
            "owner_id": "041931672087",
            "private_dns_hostname_type_on_launch": "ip-name",
            "tags": {
              "Environment": "terraform-demo",
              "Name": "terraform-demo-private-subnet-us-east-1a"
            },
            "tags_all": {
              "Environment": "terraform-demo",
              "Name": "terraform-demo-private-subnet-us-east-1a"
            },
            "timeouts": null,
            "vpc_id": "vpc-04eb85ecb77aad62c"
          },
          "sensitive_attributes": [],
          "private": "eyJlMmJmYjczMC1lY2FhLTExZTYtOGY4OC0zNDM2M2JjN2M0YzAiOnsiY3JlYXRlIjo2MDAwMDAwMDAwMDAsImRlbGV0ZSI6MTIwMDAwMDAwMDAwMH0sInNjaGVtYV92ZXJzaW9uIjoiMSJ9",
          "dependencies": [
            "module.create_two_tier_aws.aws_vpc.vpc",
            "module.create_two_tier_aws.data.aws_availability_zones.az"
          ]
        },
        {
          "index_key": 1,
          "schema_version": 1,
          "attributes": {
            "arn": "arn:aws:ec2:us-east-1:041931672087:subnet/subnet-05ec32b852d1256ba",
            "assign_ipv6_address_on_creation": false,
            "availability_zone": "us-east-1b",
            "availability_zone_id": "use1-az2",
            "cidr_block": "172.16.11.0/24",
            "customer_owned_ipv4_pool": "",
            "enable_dns64": false,
            "enable_resource_name_dns_a_record_on_launch": false,
            "enable_resource_name_dns_aaaa_record_on_launch": false,
            "id": "subnet-05ec32b852d1256ba",
            "ipv6_cidr_block": "",
            "ipv6_cidr_block_association_id": "",
            "ipv6_native": false,
            "map_customer_owned_ip_on_launch": false,
            "map_public_ip_on_launch": false,
            "outpost_arn": "",
            "owner_id": "041931672087",
            "private_dns_hostname_type_on_launch": "ip-name",
            "tags": {
              "Environment": "terraform-demo",
              "Name": "terraform-demo-private-subnet-us-east-1b"
            },
            "tags_all": {
              "Environment": "terraform-demo",
              "Name": "terraform-demo-private-subnet-us-east-1b"
            },
            "timeouts": null,
            "vpc_id": "vpc-04eb85ecb77aad62c"
          },
          "sensitive_attributes": [],
          "private": "eyJlMmJmYjczMC1lY2FhLTExZTYtOGY4OC0zNDM2M2JjN2M0YzAiOnsiY3JlYXRlIjo2MDAwMDAwMDAwMDAsImRlbGV0ZSI6MTIwMDAwMDAwMDAwMH0sInNjaGVtYV92ZXJzaW9uIjoiMSJ9",
          "dependencies": [
            "module.create_two_tier_aws.aws_vpc.vpc",
            "module.create_two_tier_aws.data.aws_availability_zones.az"
          ]
        }
      ]
    },
    {
      "module": "module.create_two_tier_aws",
      "mode": "managed",
      "type": "aws_vpc",
      "name": "vpc",
      "provider": "module.create_two_tier_aws.provider[\"registry.terraform.io/hashicorp/aws\"]",
      "instances": [
        {
          "schema_version": 1,
          "attributes": {
            "arn": "arn:aws:ec2:us-east-1:041931672087:vpc/vpc-04eb85ecb77aad62c",
            "assign_generated_ipv6_cidr_block": false,
            "cidr_block": "172.16.0.0/16",
            "default_network_acl_id": "acl-064181126f8c07205",
            "default_route_table_id": "rtb-0df9f7b7af0902898",
            "default_security_group_id": "sg-06c17ab6f314b5f55",
            "dhcp_options_id": "dopt-07481cbc279bd3fc9",
            "enable_classiclink": false,
            "enable_classiclink_dns_support": false,
            "enable_dns_hostnames": true,
            "enable_dns_support": true,
            "enable_network_address_usage_metrics": false,
            "id": "vpc-04eb85ecb77aad62c",
            "instance_tenancy": "default",
            "ipv4_ipam_pool_id": null,
            "ipv4_netmask_length": null,
            "ipv6_association_id": "",
            "ipv6_cidr_block": "",
            "ipv6_cidr_block_network_border_group": "",
            "ipv6_ipam_pool_id": "",
            "ipv6_netmask_length": 0,
            "main_route_table_id": "rtb-0df9f7b7af0902898",
            "owner_id": "041931672087",
            "tags": {
              "Environment": "terraform-demo",
              "Name": "terraform-demo-vpc"
            },
            "tags_all": {
              "Environment": "terraform-demo",
              "Name": "terraform-demo-vpc"
            }
          },
          "sensitive_attributes": [],
          "private": "eyJzY2hlbWFfdmVyc2lvbiI6IjEifQ=="
        }
      ]
    }
  ],
  "check_results": null
}
